// !$*UTF8*$!
{
	archiveVersion = 1;
	classes = {
	};
	objectVersion = 50;
	objects = {

/* Begin PBXBuildFile section */
		5A064C3E264EAB9900B172BC /* AppDelegate.swift in Sources */ = {isa = PBXBuildFile; fileRef = 5A064C3D264EAB9900B172BC /* AppDelegate.swift */; };
		5A064C40264EAB9900B172BC /* SceneDelegate.swift in Sources */ = {isa = PBXBuildFile; fileRef = 5A064C3F264EAB9900B172BC /* SceneDelegate.swift */; };
		5A064C42264EAB9900B172BC /* ViewController.swift in Sources */ = {isa = PBXBuildFile; fileRef = 5A064C41264EAB9900B172BC /* ViewController.swift */; };
		5A064C45264EAB9900B172BC /* Main.storyboard in Resources */ = {isa = PBXBuildFile; fileRef = 5A064C43264EAB9900B172BC /* Main.storyboard */; };
		5A064C47264EAB9C00B172BC /* Assets.xcassets in Resources */ = {isa = PBXBuildFile; fileRef = 5A064C46264EAB9C00B172BC /* Assets.xcassets */; };
		5A064C4A264EAB9C00B172BC /* LaunchScreen.storyboard in Resources */ = {isa = PBXBuildFile; fileRef = 5A064C48264EAB9C00B172BC /* LaunchScreen.storyboard */; };
		5A064C55264EAB9C00B172BC /* PhotoMasterTests.swift in Sources */ = {isa = PBXBuildFile; fileRef = 5A064C54264EAB9C00B172BC /* PhotoMasterTests.swift */; };
		5A064C60264EAB9C00B172BC /* PhotoMasterUITests.swift in Sources */ = {isa = PBXBuildFile; fileRef = 5A064C5F264EAB9C00B172BC /* PhotoMasterUITests.swift */; };
/* End PBXBuildFile section */

/* Begin PBXContainerItemProxy section */
		5A064C51264EAB9C00B172BC /* PBXContainerItemProxy */ = {
			isa = PBXContainerItemProxy;
			containerPortal = 5A064C32264EAB9900B172BC /* Project object */;
			proxyType = 1;
			remoteGlobalIDString = 5A064C39264EAB9900B172BC;
			remoteInfo = PhotoMaster;
		};
		5A064C5C264EAB9C00B172BC /* PBXContainerItemProxy */ = {
			isa = PBXContainerItemProxy;
			containerPortal = 5A064C32264EAB9900B172BC /* Project object */;
			proxyType = 1;
			remoteGlobalIDString = 5A064C39264EAB9900B172BC;
			remoteInfo = PhotoMaster;
		};
/* End PBXContainerItemProxy section */

/* Begin PBXFileReference section */
		5A064C3A264EAB9900B172BC /* PhotoMaster.app */ = {isa = PBXFileReference; explicitFileType = wrapper.application; includeInIndex = 0; path = PhotoMaster.app; sourceTree = BUILT_PRODUCTS_DIR; };
		5A064C3D264EAB9900B172BC /* AppDelegate.swift */ = {isa = PBXFileReference; lastKnownFileType = sourcecode.swift; path = AppDelegate.swift; sourceTree = "<group>"; };
		5A064C3F264EAB9900B172BC /* SceneDelegate.swift */ = {isa = PBXFileReference; lastKnownFileType = sourcecode.swift; path = SceneDelegate.swift; sourceTree = "<group>"; };
		5A064C41264EAB9900B172BC /* ViewController.swift */ = {isa = PBXFileReference; lastKnownFileType = sourcecode.swift; path = ViewController.swift; sourceTree = "<group>"; };
		5A064C44264EAB9900B172BC /* Base */ = {isa = PBXFileReference; lastKnownFileType = file.storyboard; name = Base; path = Base.lproj/Main.storyboard; sourceTree = "<group>"; };
		5A064C46264EAB9C00B172BC /* Assets.xcassets */ = {isa = PBXFileReference; lastKnownFileType = folder.assetcatalog; path = Assets.xcassets; sourceTree = "<group>"; };
		5A064C49264EAB9C00B172BC /* Base */ = {isa = PBXFileReference; lastKnownFileType = file.storyboard; name = Base; path = Base.lproj/LaunchScreen.storyboard; sourceTree = "<group>"; };
		5A064C4B264EAB9C00B172BC /* Info.plist */ = {isa = PBXFileReference; lastKnownFileType = text.plist.xml; path = Info.plist; sourceTree = "<group>"; };
		5A064C50264EAB9C00B172BC /* PhotoMasterTests.xctest */ = {isa = PBXFileReference; explicitFileType = wrapper.cfbundle; includeInIndex = 0; path = PhotoMasterTests.xctest; sourceTree = BUILT_PRODUCTS_DIR; };
		5A064C54264EAB9C00B172BC /* PhotoMasterTests.swift */ = {isa = PBXFileReference; lastKnownFileType = sourcecode.swift; path = PhotoMasterTests.swift; sourceTree = "<group>"; };
		5A064C56264EAB9C00B172BC /* Info.plist */ = {isa = PBXFileReference; lastKnownFileType = text.plist.xml; path = Info.plist; sourceTree = "<group>"; };
		5A064C5B264EAB9C00B172BC /* PhotoMasterUITests.xctest */ = {isa = PBXFileReference; explicitFileType = wrapper.cfbundle; includeInIndex = 0; path = PhotoMasterUITests.xctest; sourceTree = BUILT_PRODUCTS_DIR; };
		5A064C5F264EAB9C00B172BC /* PhotoMasterUITests.swift */ = {isa = PBXFileReference; lastKnownFileType = sourcecode.swift; path = PhotoMasterUITests.swift; sourceTree = "<group>"; };
		5A064C61264EAB9C00B172BC /* Info.plist */ = {isa = PBXFileReference; lastKnownFileType = text.plist.xml; path = Info.plist; sourceTree = "<group>"; };
/* End PBXFileReference section */

/* Begin PBXFrameworksBuildPhase section */
		5A064C37264EAB9900B172BC /* Frameworks */ = {
			isa = PBXFrameworksBuildPhase;
			buildActionMask = 2147483647;
			files = (
			);
			runOnlyForDeploymentPostprocessing = 0;
		};
		5A064C4D264EAB9C00B172BC /* Frameworks */ = {
			isa = PBXFrameworksBuildPhase;
			buildActionMask = 2147483647;
			files = (
			);
			runOnlyForDeploymentPostprocessing = 0;
		};
		5A064C58264EAB9C00B172BC /* Frameworks */ = {
			isa = PBXFrameworksBuildPhase;
			buildActionMask = 2147483647;
			files = (
			);
			runOnlyForDeploymentPostprocessing = 0;
		};
/* End PBXFrameworksBuildPhase section */

/* Begin PBXGroup section */
		5A064C31264EAB9900B172BC = {
			isa = PBXGroup;
			children = (
				5A064C3C264EAB9900B172BC /* PhotoMaster */,
				5A064C53264EAB9C00B172BC /* PhotoMasterTests */,
				5A064C5E264EAB9C00B172BC /* PhotoMasterUITests */,
				5A064C3B264EAB9900B172BC /* Products */,
			);
			sourceTree = "<group>";
		};
		5A064C3B264EAB9900B172BC /* Products */ = {
			isa = PBXGroup;
			children = (
				5A064C3A264EAB9900B172BC /* PhotoMaster.app */,
				5A064C50264EAB9C00B172BC /* PhotoMasterTests.xctest */,
				5A064C5B264EAB9C00B172BC /* PhotoMasterUITests.xctest */,
			);
			name = Products;
			sourceTree = "<group>";
		};
		5A064C3C264EAB9900B172BC /* PhotoMaster */ = {
			isa = PBXGroup;
			children = (
				5A064C3D264EAB9900B172BC /* AppDelegate.swift */,
				5A064C3F264EAB9900B172BC /* SceneDelegate.swift */,
				5A064C41264EAB9900B172BC /* ViewController.swift */,
				5A064C43264EAB9900B172BC /* Main.storyboard */,
				5A064C46264EAB9C00B172BC /* Assets.xcassets */,
				5A064C48264EAB9C00B172BC /* LaunchScreen.storyboard */,
				5A064C4B264EAB9C00B172BC /* Info.plist */,
			);
			path = PhotoMaster;
			sourceTree = "<group>";
		};
		5A064C53264EAB9C00B172BC /* PhotoMasterTests */ = {
			isa = PBXGroup;
			children = (
				5A064C54264EAB9C00B172BC /* PhotoMasterTests.swift */,
				5A064C56264EAB9C00B172BC /* Info.plist */,
			);
			path = PhotoMasterTests;
			sourceTree = "<group>";
		};
		5A064C5E264EAB9C00B172BC /* PhotoMasterUITests */ = {
			isa = PBXGroup;
			children = (
				5A064C5F264EAB9C00B172BC /* PhotoMasterUITests.swift */,
				5A064C61264EAB9C00B172BC /* Info.plist */,
			);
			path = PhotoMasterUITests;
			sourceTree = "<group>";
		};
/* End PBXGroup section */

/* Begin PBXNativeTarget section */
		5A064C39264EAB9900B172BC /* PhotoMaster */ = {
			isa = PBXNativeTarget;
			buildConfigurationList = 5A064C64264EAB9C00B172BC /* Build configuration list for PBXNativeTarget "PhotoMaster" */;
			buildPhases = (
				5A064C36264EAB9900B172BC /* Sources */,
				5A064C37264EAB9900B172BC /* Frameworks */,
				5A064C38264EAB9900B172BC /* Resources */,
			);
			buildRules = (
			);
			dependencies = (
			);
			name = PhotoMaster;
			productName = PhotoMaster;
			productReference = 5A064C3A264EAB9900B172BC /* PhotoMaster.app */;
			productType = "com.apple.product-type.application";
		};
		5A064C4F264EAB9C00B172BC /* PhotoMasterTests */ = {
			isa = PBXNativeTarget;
			buildConfigurationList = 5A064C67264EAB9C00B172BC /* Build configuration list for PBXNativeTarget "PhotoMasterTests" */;
			buildPhases = (
				5A064C4C264EAB9C00B172BC /* Sources */,
				5A064C4D264EAB9C00B172BC /* Frameworks */,
				5A064C4E264EAB9C00B172BC /* Resources */,
			);
			buildRules = (
			);
			dependencies = (
				5A064C52264EAB9C00B172BC /* PBXTargetDependency */,
			);
			name = PhotoMasterTests;
			productName = PhotoMasterTests;
			productReference = 5A064C50264EAB9C00B172BC /* PhotoMasterTests.xctest */;
			productType = "com.apple.product-type.bundle.unit-test";
		};
		5A064C5A264EAB9C00B172BC /* PhotoMasterUITests */ = {
			isa = PBXNativeTarget;
			buildConfigurationList = 5A064C6A264EAB9C00B172BC /* Build configuration list for PBXNativeTarget "PhotoMasterUITests" */;
			buildPhases = (
				5A064C57264EAB9C00B172BC /* Sources */,
				5A064C58264EAB9C00B172BC /* Frameworks */,
				5A064C59264EAB9C00B172BC /* Resources */,
			);
			buildRules = (
			);
			dependencies = (
				5A064C5D264EAB9C00B172BC /* PBXTargetDependency */,
			);
			name = PhotoMasterUITests;
			productName = PhotoMasterUITests;
			productReference = 5A064C5B264EAB9C00B172BC /* PhotoMasterUITests.xctest */;
			productType = "com.apple.product-type.bundle.ui-testing";
		};
/* End PBXNativeTarget section */

/* Begin PBXProject section */
		5A064C32264EAB9900B172BC /* Project object */ = {
			isa = PBXProject;
			attributes = {
				LastSwiftUpdateCheck = 1250;
				LastUpgradeCheck = 1250;
				TargetAttributes = {
					5A064C39264EAB9900B172BC = {
						CreatedOnToolsVersion = 12.5;
					};
					5A064C4F264EAB9C00B172BC = {
						CreatedOnToolsVersion = 12.5;
						TestTargetID = 5A064C39264EAB9900B172BC;
					};
					5A064C5A264EAB9C00B172BC = {
						CreatedOnToolsVersion = 12.5;
						TestTargetID = 5A064C39264EAB9900B172BC;
					};
				};
			};
			buildConfigurationList = 5A064C35264EAB9900B172BC /* Build configuration list for PBXProject "PhotoMaster" */;
			compatibilityVersion = "Xcode 9.3";
			developmentRegion = en;
			hasScannedForEncodings = 0;
			knownRegions = (
				en,
				Base,
			);
			mainGroup = 5A064C31264EAB9900B172BC;
			productRefGroup = 5A064C3B264EAB9900B172BC /* Products */;
			projectDirPath = "";
			projectRoot = "";
			targets = (
				5A064C39264EAB9900B172BC /* PhotoMaster */,
				5A064C4F264EAB9C00B172BC /* PhotoMasterTests */,
				5A064C5A264EAB9C00B172BC /* PhotoMasterUITests */,
			);
		};
/* End PBXProject section */

/* Begin PBXResourcesBuildPhase section */
		5A064C38264EAB9900B172BC /* Resources */ = {
			isa = PBXResourcesBuildPhase;
			buildActionMask = 2147483647;
			files = (
				5A064C4A264EAB9C00B172BC /* LaunchScreen.storyboard in Resources */,
				5A064C47264EAB9C00B172BC /* Assets.xcassets in Resources */,
				5A064C45264EAB9900B172BC /* Main.storyboard in Resources */,
			);
			runOnlyForDeploymentPostprocessing = 0;
		};
		5A064C4E264EAB9C00B172BC /* Resources */ = {
			isa = PBXResourcesBuildPhase;
			buildActionMask = 2147483647;
			files = (
			);
			runOnlyForDeploymentPostprocessing = 0;
		};
		5A064C59264EAB9C00B172BC /* Resources */ = {
			isa = PBXResourcesBuildPhase;
			buildActionMask = 2147483647;
			files = (
			);
			runOnlyForDeploymentPostprocessing = 0;
		};
/* End PBXResourcesBuildPhase section */

/* Begin PBXSourcesBuildPhase section */
		5A064C36264EAB9900B172BC /* Sources */ = {
			isa = PBXSourcesBuildPhase;
			buildActionMask = 2147483647;
			files = (
				5A064C42264EAB9900B172BC /* ViewController.swift in Sources */,
				5A064C3E264EAB9900B172BC /* AppDelegate.swift in Sources */,
				5A064C40264EAB9900B172BC /* SceneDelegate.swift in Sources */,
			);
			runOnlyForDeploymentPostprocessing = 0;
		};
		5A064C4C264EAB9C00B172BC /* Sources */ = {
			isa = PBXSourcesBuildPhase;
			buildActionMask = 2147483647;
			files = (
				5A064C55264EAB9C00B172BC /* PhotoMasterTests.swift in Sources */,
			);
			runOnlyForDeploymentPostprocessing = 0;
		};
		5A064C57264EAB9C00B172BC /* Sources */ = {
			isa = PBXSourcesBuildPhase;
			buildActionMask = 2147483647;
			files = (
				5A064C60264EAB9C00B172BC /* PhotoMasterUITests.swift in Sources */,
			);
			runOnlyForDeploymentPostprocessing = 0;
		};
/* End PBXSourcesBuildPhase section */

/* Begin PBXTargetDependency section */
		5A064C52264EAB9C00B172BC /* PBXTargetDependency */ = {
			isa = PBXTargetDependency;
			target = 5A064C39264EAB9900B172BC /* PhotoMaster */;
			targetProxy = 5A064C51264EAB9C00B172BC /* PBXContainerItemProxy */;
		};
		5A064C5D264EAB9C00B172BC /* PBXTargetDependency */ = {
			isa = PBXTargetDependency;
			target = 5A064C39264EAB9900B172BC /* PhotoMaster */;
			targetProxy = 5A064C5C264EAB9C00B172BC /* PBXContainerItemProxy */;
		};
/* End PBXTargetDependency section */

/* Begin PBXVariantGroup section */
		5A064C43264EAB9900B172BC /* Main.storyboard */ = {
			isa = PBXVariantGroup;
			children = (
				5A064C44264EAB9900B172BC /* Base */,
			);
			name = Main.storyboard;
			sourceTree = "<group>";
		};
		5A064C48264EAB9C00B172BC /* LaunchScreen.storyboard */ = {
			isa = PBXVariantGroup;
			children = (
				5A064C49264EAB9C00B172BC /* Base */,
			);
			name = LaunchScreen.storyboard;
			sourceTree = "<group>";
		};
/* End PBXVariantGroup section */

/* Begin XCBuildConfiguration section */
		5A064C62264EAB9C00B172BC /* Debug */ = {
			isa = XCBuildConfiguration;
			buildSettings = {
				ALWAYS_SEARCH_USER_PATHS = NO;
				CLANG_ANALYZER_NONNULL = YES;
				CLANG_ANALYZER_NUMBER_OBJECT_CONVERSION = YES_AGGRESSIVE;
				CLANG_CXX_LANGUAGE_STANDARD = "gnu++14";
				CLANG_CXX_LIBRARY = "libc++";
				CLANG_ENABLE_MODULES = YES;
				CLANG_ENABLE_OBJC_ARC = YES;
				CLANG_ENABLE_OBJC_WEAK = YES;
				CLANG_WARN_BLOCK_CAPTURE_AUTORELEASING = YES;
				CLANG_WARN_BOOL_CONVERSION = YES;
				CLANG_WARN_COMMA = YES;
				CLANG_WARN_CONSTANT_CONVERSION = YES;
				CLANG_WARN_DEPRECATED_OBJC_IMPLEMENTATIONS = YES;
				CLANG_WARN_DIRECT_OBJC_ISA_USAGE = YES_ERROR;
				CLANG_WARN_DOCUMENTATION_COMMENTS = YES;
				CLANG_WARN_EMPTY_BODY = YES;
				CLANG_WARN_ENUM_CONVERSION = YES;
				CLANG_WARN_INFINITE_RECURSION = YES;
				CLANG_WARN_INT_CONVERSION = YES;
				CLANG_WARN_NON_LITERAL_NULL_CONVERSION = YES;
				CLANG_WARN_OBJC_IMPLICIT_RETAIN_SELF = YES;
				CLANG_WARN_OBJC_LITERAL_CONVERSION = YES;
				CLANG_WARN_OBJC_ROOT_CLASS = YES_ERROR;
				CLANG_WARN_QUOTED_INCLUDE_IN_FRAMEWORK_HEADER = YES;
				CLANG_WARN_RANGE_LOOP_ANALYSIS = YES;
				CLANG_WARN_STRICT_PROTOTYPES = YES;
				CLANG_WARN_SUSPICIOUS_MOVE = YES;
				CLANG_WARN_UNGUARDED_AVAILABILITY = YES_AGGRESSIVE;
				CLANG_WARN_UNREACHABLE_CODE = YES;
				CLANG_WARN__DUPLICATE_METHOD_MATCH = YES;
				COPY_PHASE_STRIP = NO;
				DEBUG_INFORMATION_FORMAT = dwarf;
				ENABLE_STRICT_OBJC_MSGSEND = YES;
				ENABLE_TESTABILITY = YES;
				GCC_C_LANGUAGE_STANDARD = gnu11;
				GCC_DYNAMIC_NO_PIC = NO;
				GCC_NO_COMMON_BLOCKS = YES;
				GCC_OPTIMIZATION_LEVEL = 0;
				GCC_PREPROCESSOR_DEFINITIONS = (
					"DEBUG=1",
					"$(inherited)",
				);
				GCC_WARN_64_TO_32_BIT_CONVERSION = YES;
				GCC_WARN_ABOUT_RETURN_TYPE = YES_ERROR;
				GCC_WARN_UNDECLARED_SELECTOR = YES;
				GCC_WARN_UNINITIALIZED_AUTOS = YES_AGGRESSIVE;
				GCC_WARN_UNUSED_FUNCTION = YES;
				GCC_WARN_UNUSED_VARIABLE = YES;
				IPHONEOS_DEPLOYMENT_TARGET = 14.5;
				MTL_ENABLE_DEBUG_INFO = INCLUDE_SOURCE;
				MTL_FAST_MATH = YES;
				ONLY_ACTIVE_ARCH = YES;
				SDKROOT = iphoneos;
				SWIFT_ACTIVE_COMPILATION_CONDITIONS = DEBUG;
				SWIFT_OPTIMIZATION_LEVEL = "-Onone";
			};
			name = Debug;
		};
		5A064C63264EAB9C00B172BC /* Release */ = {
			isa = XCBuildConfiguration;
			buildSettings = {
				ALWAYS_SEARCH_USER_PATHS = NO;
				CLANG_ANALYZER_NONNULL = YES;
				CLANG_ANALYZER_NUMBER_OBJECT_CONVERSION = YES_AGGRESSIVE;
				CLANG_CXX_LANGUAGE_STANDARD = "gnu++14";
				CLANG_CXX_LIBRARY = "libc++";
				CLANG_ENABLE_MODULES = YES;
				CLANG_ENABLE_OBJC_ARC = YES;
				CLANG_ENABLE_OBJC_WEAK = YES;
				CLANG_WARN_BLOCK_CAPTURE_AUTORELEASING = YES;
				CLANG_WARN_BOOL_CONVERSION = YES;
				CLANG_WARN_COMMA = YES;
				CLANG_WARN_CONSTANT_CONVERSION = YES;
				CLANG_WARN_DEPRECATED_OBJC_IMPLEMENTATIONS = YES;
				CLANG_WARN_DIRECT_OBJC_ISA_USAGE = YES_ERROR;
				CLANG_WARN_DOCUMENTATION_COMMENTS = YES;
				CLANG_WARN_EMPTY_BODY = YES;
				CLANG_WARN_ENUM_CONVERSION = YES;
				CLANG_WARN_INFINITE_RECURSION = YES;
				CLANG_WARN_INT_CONVERSION = YES;
				CLANG_WARN_NON_LITERAL_NULL_CONVERSION = YES;
				CLANG_WARN_OBJC_IMPLICIT_RETAIN_SELF = YES;
				CLANG_WARN_OBJC_LITERAL_CONVERSION = YES;
				CLANG_WARN_OBJC_ROOT_CLASS = YES_ERROR;
				CLANG_WARN_QUOTED_INCLUDE_IN_FRAMEWORK_HEADER = YES;
				CLANG_WARN_RANGE_LOOP_ANALYSIS = YES;
				CLANG_WARN_STRICT_PROTOTYPES = YES;
				CLANG_WARN_SUSPICIOUS_MOVE = YES;
				CLANG_WARN_UNGUARDED_AVAILABILITY = YES_AGGRESSIVE;
				CLANG_WARN_UNREACHABLE_CODE = YES;
				CLANG_WARN__DUPLICATE_METHOD_MATCH = YES;
				COPY_PHASE_STRIP = NO;
				DEBUG_INFORMATION_FORMAT = "dwarf-with-dsym";
				ENABLE_NS_ASSERTIONS = NO;
				ENABLE_STRICT_OBJC_MSGSEND = YES;
				GCC_C_LANGUAGE_STANDARD = gnu11;
				GCC_NO_COMMON_BLOCKS = YES;
				GCC_WARN_64_TO_32_BIT_CONVERSION = YES;
				GCC_WARN_ABOUT_RETURN_TYPE = YES_ERROR;
				GCC_WARN_UNDECLARED_SELECTOR = YES;
				GCC_WARN_UNINITIALIZED_AUTOS = YES_AGGRESSIVE;
				GCC_WARN_UNUSED_FUNCTION = YES;
				GCC_WARN_UNUSED_VARIABLE = YES;
				IPHONEOS_DEPLOYMENT_TARGET = 14.5;
				MTL_ENABLE_DEBUG_INFO = NO;
				MTL_FAST_MATH = YES;
				SDKROOT = iphoneos;
				SWIFT_COMPILATION_MODE = wholemodule;
				SWIFT_OPTIMIZATION_LEVEL = "-O";
				VALIDATE_PRODUCT = YES;
			};
			name = Release;
		};
		5A064C65264EAB9C00B172BC /* Debug */ = {
			isa = XCBuildConfiguration;
			buildSettings = {
				ASSETCATALOG_COMPILER_APPICON_NAME = AppIcon;
				ASSETCATALOG_COMPILER_GLOBAL_ACCENT_COLOR_NAME = AccentColor;
				CODE_SIGN_STYLE = Automatic;
				DEVELOPMENT_TEAM = NKCRP99VAX;
				INFOPLIST_FILE = PhotoMaster/Info.plist;
				LD_RUNPATH_SEARCH_PATHS = (
					"$(inherited)",
					"@executable_path/Frameworks",
				);
				PRODUCT_BUNDLE_IDENTIFIER = com.yanagisawa.ryukiringo.PhotoMaster;
				PRODUCT_NAME = "$(TARGET_NAME)";
				SWIFT_VERSION = 5.0;
				TARGETED_DEVICE_FAMILY = "1,2";
			};
			name = Debug;
		};
		5A064C66264EAB9C00B172BC /* Release */ = {
			isa = XCBuildConfiguration;
			buildSettings = {
				ASSETCATALOG_COMPILER_APPICON_NAME = AppIcon;
				ASSETCATALOG_COMPILER_GLOBAL_ACCENT_COLOR_NAME = AccentColor;
				CODE_SIGN_STYLE = Automatic;
				DEVELOPMENT_TEAM = NKCRP99VAX;
				INFOPLIST_FILE = PhotoMaster/Info.plist;
				LD_RUNPATH_SEARCH_PATHS = (
					"$(inherited)",
					"@executable_path/Frameworks",
				);
				PRODUCT_BUNDLE_IDENTIFIER = com.yanagisawa.ryukiringo.PhotoMaster;
				PRODUCT_NAME = "$(TARGET_NAME)";
				SWIFT_VERSION = 5.0;
				TARGETED_DEVICE_FAMILY = "1,2";
			};
			name = Release;
		};
		5A064C68264EAB9C00B172BC /* Debug */ = {
			isa = XCBuildConfiguration;
			buildSettings = {
				ALWAYS_EMBED_SWIFT_STANDARD_LIBRARIES = YES;
				BUNDLE_LOADER = "$(TEST_HOST)";
				CODE_SIGN_STYLE = Automatic;
				DEVELOPMENT_TEAM = NKCRP99VAX;
				INFOPLIST_FILE = PhotoMasterTests/Info.plist;
				IPHONEOS_DEPLOYMENT_TARGET = 14.5;
				LD_RUNPATH_SEARCH_PATHS = (
					"$(inherited)",
					"@executable_path/Frameworks",
					"@loader_path/Frameworks",
				);
				PRODUCT_BUNDLE_IDENTIFIER = com.yanagisawa.ryukiringo.PhotoMasterTests;
				PRODUCT_NAME = "$(TARGET_NAME)";
				SWIFT_VERSION = 5.0;
				TARGETED_DEVICE_FAMILY = "1,2";
				TEST_HOST = "$(BUILT_PRODUCTS_DIR)/PhotoMaster.app/PhotoMaster";
			};
			name = Debug;
		};
		5A064C69264EAB9C00B172BC /* Release */ = {
			isa = XCBuildConfiguration;
			buildSettings = {
				ALWAYS_EMBED_SWIFT_STANDARD_LIBRARIES = YES;
				BUNDLE_LOADER = "$(TEST_HOST)";
				CODE_SIGN_STYLE = Automatic;
				DEVELOPMENT_TEAM = NKCRP99VAX;
				INFOPLIST_FILE = PhotoMasterTests/Info.plist;
				IPHONEOS_DEPLOYMENT_TARGET = 14.5;
				LD_RUNPATH_SEARCH_PATHS = (
					"$(inherited)",
					"@executable_path/Frameworks",
					"@loader_path/Frameworks",
				);
				PRODUCT_BUNDLE_IDENTIFIER = com.yanagisawa.ryukiringo.PhotoMasterTests;
				PRODUCT_NAME = "$(TARGET_NAME)";
				SWIFT_VERSION = 5.0;
				TARGETED_DEVICE_FAMILY = "1,2";
				TEST_HOST = "$(BUILT_PRODUCTS_DIR)/PhotoMaster.app/PhotoMaster";
			};
			name = Release;
		};
		5A064C6B264EAB9C00B172BC /* Debug */ = {
			isa = XCBuildConfiguration;
			buildSettings = {
				ALWAYS_EMBED_SWIFT_STANDARD_LIBRARIES = YES;
				CODE_SIGN_STYLE = Automatic;
				DEVELOPMENT_TEAM = NKCRP99VAX;
				INFOPLIST_FILE = PhotoMasterUITests/Info.plist;
				LD_RUNPATH_SEARCH_PATHS = (
					"$(inherited)",
					"@executable_path/Frameworks",
					"@loader_path/Frameworks",
				);
				PRODUCT_BUNDLE_IDENTIFIER = com.yanagisawa.ryukiringo.PhotoMasterUITests;
				PRODUCT_NAME = "$(TARGET_NAME)";
				SWIFT_VERSION = 5.0;
				TARGETED_DEVICE_FAMILY = "1,2";
				TEST_TARGET_NAME = PhotoMaster;
			};
			name = Debug;
		};
		5A064C6C264EAB9C00B172BC /* Release */ = {
			isa = XCBuildConfiguration;
			buildSettings = {
				ALWAYS_EMBED_SWIFT_STANDARD_LIBRARIES = YES;
				CODE_SIGN_STYLE = Automatic;
				DEVELOPMENT_TEAM = NKCRP99VAX;
				INFOPLIST_FILE = PhotoMasterUITests/Info.plist;
				LD_RUNPATH_SEARCH_PATHS = (
					"$(inherited)",
					"@executable_path/Frameworks",
					"@loader_path/Frameworks",
				);
				PRODUCT_BUNDLE_IDENTIFIER = com.yanagisawa.ryukiringo.PhotoMasterUITests;
				PRODUCT_NAME = "$(TARGET_NAME)";
				SWIFT_VERSION = 5.0;
				TARGETED_DEVICE_FAMILY = "1,2";
				TEST_TARGET_NAME = PhotoMaster;
			};
			name = Release;
		};
/* End XCBuildConfiguration section */

/* Begin XCConfigurationList section */
		5A064C35264EAB9900B172BC /* Build configuration list for PBXProject "PhotoMaster" */ = {
			isa = XCConfigurationList;
			buildConfigurations = (
				5A064C62264EAB9C00B172BC /* Debug */,
				5A064C63264EAB9C00B172BC /* Release */,
			);
			defaultConfigurationIsVisible = 0;
			defaultConfigurationName = Release;
		};
		5A064C64264EAB9C00B172BC /* Build configuration list for PBXNativeTarget "PhotoMaster" */ = {
			isa = XCConfigurationList;
			buildConfigurations = (
				5A064C65264EAB9C00B172BC /* Debug */,
				5A064C66264EAB9C00B172BC /* Release */,
			);
			defaultConfigurationIsVisible = 0;
			defaultConfigurationName = Release;
		};
		5A064C67264EAB9C00B172BC /* Build configuration list for PBXNativeTarget "PhotoMasterTests" */ = {
			isa = XCConfigurationList;
			buildConfigurations = (
				5A064C68264EAB9C00B172BC /* Debug */,
				5A064C69264EAB9C00B172BC /* Release */,
			);
			defaultConfigurationIsVisible = 0;
			defaultConfigurationName = Release;
		};
		5A064C6A264EAB9C00B172BC /* Build configuration list for PBXNativeTarget "PhotoMasterUITests" */ = {
			isa = XCConfigurationList;
			buildConfigurations = (
				5A064C6B264EAB9C00B172BC /* Debug */,
				5A064C6C264EAB9C00B172BC /* Release */,
			);
			defaultConfigurationIsVisible = 0;
			defaultConfigurationName = Release;
		};
/* End XCConfigurationList section */
	};
	rootObject = 5A064C32264EAB9900B172BC /* Project object */;
}
